// !$*UTF8*$!
{
	archiveVersion = 1;
	classes = {
	};
	objectVersion = 55;
	objects = {

/* Begin PBXBuildFile section */
		7E1798C529F0EE5F0003C20E /* ItemExpenseViewController.swift in Sources */ = {isa = PBXBuildFile; fileRef = 7E1798C329F0EE5F0003C20E /* ItemExpenseViewController.swift */; };
		7E1798C629F0EE5F0003C20E /* ItemExpenseViewController.xib in Resources */ = {isa = PBXBuildFile; fileRef = 7E1798C429F0EE5F0003C20E /* ItemExpenseViewController.xib */; };
		7E1798C829F0F7FA0003C20E /* FunctionUtils.swift in Sources */ = {isa = PBXBuildFile; fileRef = 7E1798C729F0F7FA0003C20E /* FunctionUtils.swift */; };
		7E834F5529F269E500F3363E /* CustomTableView.swift in Sources */ = {isa = PBXBuildFile; fileRef = 7E834F5429F269E500F3363E /* CustomTableView.swift */; };
		7E99F83529ECE83F00BDDF92 /* AppDelegate.swift in Sources */ = {isa = PBXBuildFile; fileRef = 7E99F83429ECE83F00BDDF92 /* AppDelegate.swift */; };
		7E99F83729ECE83F00BDDF92 /* SceneDelegate.swift in Sources */ = {isa = PBXBuildFile; fileRef = 7E99F83629ECE83F00BDDF92 /* SceneDelegate.swift */; };
		7E99F83E29ECE84400BDDF92 /* Assets.xcassets in Resources */ = {isa = PBXBuildFile; fileRef = 7E99F83D29ECE84400BDDF92 /* Assets.xcassets */; };
		7E99F84129ECE84400BDDF92 /* LaunchScreen.storyboard in Resources */ = {isa = PBXBuildFile; fileRef = 7E99F83F29ECE84400BDDF92 /* LaunchScreen.storyboard */; };
		7E99F85829ECEFA700BDDF92 /* Inter-Bold.ttf in Resources */ = {isa = PBXBuildFile; fileRef = 7E99F85529ECEF9800BDDF92 /* Inter-Bold.ttf */; };
		7E99F85929ECEFA900BDDF92 /* Inter-Medium.ttf in Resources */ = {isa = PBXBuildFile; fileRef = 7E99F85429ECEF9800BDDF92 /* Inter-Medium.ttf */; };
		7E99F85A29ECEFAB00BDDF92 /* Inter-Regular.ttf in Resources */ = {isa = PBXBuildFile; fileRef = 7E99F85629ECEF9800BDDF92 /* Inter-Regular.ttf */; };
		7E99F85B29ECEFB000BDDF92 /* Inter-SemiBold.ttf in Resources */ = {isa = PBXBuildFile; fileRef = 7E99F85729ECEF9800BDDF92 /* Inter-SemiBold.ttf */; };
		7E9A745129EE51F00002051C /* ItemMonthlyReportView.swift in Sources */ = {isa = PBXBuildFile; fileRef = 7E9A745029EE51F00002051C /* ItemMonthlyReportView.swift */; };
		7E9A745929EE6E2A0002051C /* Money.swift in Sources */ = {isa = PBXBuildFile; fileRef = 7E9A745829EE6E2A0002051C /* Money.swift */; };
		7E9A745B29EE705C0002051C /* HistoryTableView.swift in Sources */ = {isa = PBXBuildFile; fileRef = 7E9A745A29EE705C0002051C /* HistoryTableView.swift */; };
		7E9A745D29EE7A010002051C /* HomeViewModel.swift in Sources */ = {isa = PBXBuildFile; fileRef = 7E9A745C29EE7A010002051C /* HomeViewModel.swift */; };
		7EA34C9C29ECFEF4001B51C9 /* CustomButton.swift in Sources */ = {isa = PBXBuildFile; fileRef = 7EA34C9B29ECFEF3001B51C9 /* CustomButton.swift */; };
		7EA34C9F29ED1604001B51C9 /* AssetUtils.swift in Sources */ = {isa = PBXBuildFile; fileRef = 7EA34C9E29ED1604001B51C9 /* AssetUtils.swift */; };
		7EA34CA129ED1868001B51C9 /* StringUtils.swift in Sources */ = {isa = PBXBuildFile; fileRef = 7EA34CA029ED1868001B51C9 /* StringUtils.swift */; };
		7EA34CB229ED25E5001B51C9 /* LoginViewController.swift in Sources */ = {isa = PBXBuildFile; fileRef = 7EA34CB029ED25E5001B51C9 /* LoginViewController.swift */; };
		7EA34CB329ED25E5001B51C9 /* LoginViewController.xib in Resources */ = {isa = PBXBuildFile; fileRef = 7EA34CB129ED25E5001B51C9 /* LoginViewController.xib */; };
		7EA34CC129ED26F5001B51C9 /* HomeViewController.swift in Sources */ = {isa = PBXBuildFile; fileRef = 7EA34CBF29ED26F5001B51C9 /* HomeViewController.swift */; };
		7EA34CC229ED26F5001B51C9 /* HomeViewController.xib in Resources */ = {isa = PBXBuildFile; fileRef = 7EA34CC029ED26F5001B51C9 /* HomeViewController.xib */; };
		7EA34CC529ED2703001B51C9 /* SettingViewController.swift in Sources */ = {isa = PBXBuildFile; fileRef = 7EA34CC329ED2703001B51C9 /* SettingViewController.swift */; };
		7EA34CC629ED2703001B51C9 /* SettingViewController.xib in Resources */ = {isa = PBXBuildFile; fileRef = 7EA34CC429ED2703001B51C9 /* SettingViewController.xib */; };
		7EA34CCB29ED271A001B51C9 /* ReportViewController.swift in Sources */ = {isa = PBXBuildFile; fileRef = 7EA34CC929ED271A001B51C9 /* ReportViewController.swift */; };
		7EA34CCC29ED271A001B51C9 /* ReportViewController.xib in Resources */ = {isa = PBXBuildFile; fileRef = 7EA34CCA29ED271A001B51C9 /* ReportViewController.xib */; };
		7EA34CD029ED2D86001B51C9 /* CustomNavigationBar.swift in Sources */ = {isa = PBXBuildFile; fileRef = 7EA34CCF29ED2D86001B51C9 /* CustomNavigationBar.swift */; };
		7EA34CD429ED32C5001B51C9 /* LogoImageView.swift in Sources */ = {isa = PBXBuildFile; fileRef = 7EA34CD329ED32C5001B51C9 /* LogoImageView.swift */; };
		7ECC579A29EE3B1C00C09F30 /* Extension.swift in Sources */ = {isa = PBXBuildFile; fileRef = 7ECC579929EE3B1C00C09F30 /* Extension.swift */; };
		7EDFC5CC29EF966700C8AE30 /* HistoryTableViewCell.swift in Sources */ = {isa = PBXBuildFile; fileRef = 7EDFC5CA29EF966700C8AE30 /* HistoryTableViewCell.swift */; };
		7EDFC5CD29EF966700C8AE30 /* HistoryTableViewCell.xib in Resources */ = {isa = PBXBuildFile; fileRef = 7EDFC5CB29EF966700C8AE30 /* HistoryTableViewCell.xib */; };
		7EFABEC729F6542900C1F9A9 /* Database.swift in Sources */ = {isa = PBXBuildFile; fileRef = 7EFABEC629F6542900C1F9A9 /* Database.swift */; };
		B19CE2A32B2A1644093678FB /* Pods_Kitty.framework in Frameworks */ = {isa = PBXBuildFile; fileRef = 2CE04161BD20CEAB213E3388 /* Pods_Kitty.framework */; };
/* End PBXBuildFile section */

/* Begin PBXFileReference section */
		0DF36A7BB4BC78F14417D052 /* Pods-Kitty.debug.xcconfig */ = {isa = PBXFileReference; includeInIndex = 1; lastKnownFileType = text.xcconfig; name = "Pods-Kitty.debug.xcconfig"; path = "Target Support Files/Pods-Kitty/Pods-Kitty.debug.xcconfig"; sourceTree = "<group>"; };
		2CE04161BD20CEAB213E3388 /* Pods_Kitty.framework */ = {isa = PBXFileReference; explicitFileType = wrapper.framework; includeInIndex = 0; path = Pods_Kitty.framework; sourceTree = BUILT_PRODUCTS_DIR; };
		4112B9695CB0386679A95D7F /* Pods-Kitty.release.xcconfig */ = {isa = PBXFileReference; includeInIndex = 1; lastKnownFileType = text.xcconfig; name = "Pods-Kitty.release.xcconfig"; path = "Target Support Files/Pods-Kitty/Pods-Kitty.release.xcconfig"; sourceTree = "<group>"; };
		7E1798C329F0EE5F0003C20E /* ItemExpenseViewController.swift */ = {isa = PBXFileReference; lastKnownFileType = sourcecode.swift; path = ItemExpenseViewController.swift; sourceTree = "<group>"; };
		7E1798C429F0EE5F0003C20E /* ItemExpenseViewController.xib */ = {isa = PBXFileReference; lastKnownFileType = file.xib; path = ItemExpenseViewController.xib; sourceTree = "<group>"; };
		7E1798C729F0F7FA0003C20E /* FunctionUtils.swift */ = {isa = PBXFileReference; lastKnownFileType = sourcecode.swift; path = FunctionUtils.swift; sourceTree = "<group>"; };
		7E834F5429F269E500F3363E /* CustomTableView.swift */ = {isa = PBXFileReference; lastKnownFileType = sourcecode.swift; path = CustomTableView.swift; sourceTree = "<group>"; };
		7E99F83129ECE83F00BDDF92 /* Kitty.app */ = {isa = PBXFileReference; explicitFileType = wrapper.application; includeInIndex = 0; path = Kitty.app; sourceTree = BUILT_PRODUCTS_DIR; };
		7E99F83429ECE83F00BDDF92 /* AppDelegate.swift */ = {isa = PBXFileReference; lastKnownFileType = sourcecode.swift; path = AppDelegate.swift; sourceTree = "<group>"; };
		7E99F83629ECE83F00BDDF92 /* SceneDelegate.swift */ = {isa = PBXFileReference; lastKnownFileType = sourcecode.swift; path = SceneDelegate.swift; sourceTree = "<group>"; };
		7E99F83D29ECE84400BDDF92 /* Assets.xcassets */ = {isa = PBXFileReference; lastKnownFileType = folder.assetcatalog; path = Assets.xcassets; sourceTree = "<group>"; };
		7E99F84029ECE84400BDDF92 /* Base */ = {isa = PBXFileReference; lastKnownFileType = file.storyboard; name = Base; path = Base.lproj/LaunchScreen.storyboard; sourceTree = "<group>"; };
		7E99F84229ECE84400BDDF92 /* Info.plist */ = {isa = PBXFileReference; lastKnownFileType = text.plist.xml; path = Info.plist; sourceTree = "<group>"; };
		7E99F85429ECEF9800BDDF92 /* Inter-Medium.ttf */ = {isa = PBXFileReference; lastKnownFileType = file; path = "Inter-Medium.ttf"; sourceTree = "<group>"; };
		7E99F85529ECEF9800BDDF92 /* Inter-Bold.ttf */ = {isa = PBXFileReference; lastKnownFileType = file; path = "Inter-Bold.ttf"; sourceTree = "<group>"; };
		7E99F85629ECEF9800BDDF92 /* Inter-Regular.ttf */ = {isa = PBXFileReference; lastKnownFileType = file; path = "Inter-Regular.ttf"; sourceTree = "<group>"; };
		7E99F85729ECEF9800BDDF92 /* Inter-SemiBold.ttf */ = {isa = PBXFileReference; lastKnownFileType = file; path = "Inter-SemiBold.ttf"; sourceTree = "<group>"; };
		7E9A745029EE51F00002051C /* ItemMonthlyReportView.swift */ = {isa = PBXFileReference; lastKnownFileType = sourcecode.swift; path = ItemMonthlyReportView.swift; sourceTree = "<group>"; };
		7E9A745829EE6E2A0002051C /* Money.swift */ = {isa = PBXFileReference; lastKnownFileType = sourcecode.swift; path = Money.swift; sourceTree = "<group>"; };
		7E9A745A29EE705C0002051C /* HistoryTableView.swift */ = {isa = PBXFileReference; lastKnownFileType = sourcecode.swift; path = HistoryTableView.swift; sourceTree = "<group>"; };
		7E9A745C29EE7A010002051C /* HomeViewModel.swift */ = {isa = PBXFileReference; lastKnownFileType = sourcecode.swift; path = HomeViewModel.swift; sourceTree = "<group>"; };
		7EA34C9B29ECFEF3001B51C9 /* CustomButton.swift */ = {isa = PBXFileReference; lastKnownFileType = sourcecode.swift; path = CustomButton.swift; sourceTree = "<group>"; };
		7EA34C9E29ED1604001B51C9 /* AssetUtils.swift */ = {isa = PBXFileReference; lastKnownFileType = sourcecode.swift; path = AssetUtils.swift; sourceTree = "<group>"; };
		7EA34CA029ED1868001B51C9 /* StringUtils.swift */ = {isa = PBXFileReference; lastKnownFileType = sourcecode.swift; path = StringUtils.swift; sourceTree = "<group>"; };
		7EA34CB029ED25E5001B51C9 /* LoginViewController.swift */ = {isa = PBXFileReference; fileEncoding = 4; lastKnownFileType = sourcecode.swift; path = LoginViewController.swift; sourceTree = "<group>"; };
		7EA34CB129ED25E5001B51C9 /* LoginViewController.xib */ = {isa = PBXFileReference; fileEncoding = 4; lastKnownFileType = file.xib; path = LoginViewController.xib; sourceTree = "<group>"; };
		7EA34CBF29ED26F5001B51C9 /* HomeViewController.swift */ = {isa = PBXFileReference; lastKnownFileType = sourcecode.swift; path = HomeViewController.swift; sourceTree = "<group>"; };
		7EA34CC029ED26F5001B51C9 /* HomeViewController.xib */ = {isa = PBXFileReference; lastKnownFileType = file.xib; path = HomeViewController.xib; sourceTree = "<group>"; };
		7EA34CC329ED2703001B51C9 /* SettingViewController.swift */ = {isa = PBXFileReference; lastKnownFileType = sourcecode.swift; path = SettingViewController.swift; sourceTree = "<group>"; };
		7EA34CC429ED2703001B51C9 /* SettingViewController.xib */ = {isa = PBXFileReference; lastKnownFileType = file.xib; path = SettingViewController.xib; sourceTree = "<group>"; };
		7EA34CC929ED271A001B51C9 /* ReportViewController.swift */ = {isa = PBXFileReference; lastKnownFileType = sourcecode.swift; path = ReportViewController.swift; sourceTree = "<group>"; };
		7EA34CCA29ED271A001B51C9 /* ReportViewController.xib */ = {isa = PBXFileReference; lastKnownFileType = file.xib; path = ReportViewController.xib; sourceTree = "<group>"; };
		7EA34CCF29ED2D86001B51C9 /* CustomNavigationBar.swift */ = {isa = PBXFileReference; lastKnownFileType = sourcecode.swift; path = CustomNavigationBar.swift; sourceTree = "<group>"; };
		7EA34CD329ED32C5001B51C9 /* LogoImageView.swift */ = {isa = PBXFileReference; lastKnownFileType = sourcecode.swift; path = LogoImageView.swift; sourceTree = "<group>"; };
		7ECC579929EE3B1C00C09F30 /* Extension.swift */ = {isa = PBXFileReference; lastKnownFileType = sourcecode.swift; path = Extension.swift; sourceTree = "<group>"; };
		7EDFC5CA29EF966700C8AE30 /* HistoryTableViewCell.swift */ = {isa = PBXFileReference; lastKnownFileType = sourcecode.swift; path = HistoryTableViewCell.swift; sourceTree = "<group>"; };
		7EDFC5CB29EF966700C8AE30 /* HistoryTableViewCell.xib */ = {isa = PBXFileReference; lastKnownFileType = file.xib; path = HistoryTableViewCell.xib; sourceTree = "<group>"; };
		7EFABEC629F6542900C1F9A9 /* Database.swift */ = {isa = PBXFileReference; lastKnownFileType = sourcecode.swift; path = Database.swift; sourceTree = "<group>"; };
/* End PBXFileReference section */

/* Begin PBXFrameworksBuildPhase section */
		7E99F82E29ECE83F00BDDF92 /* Frameworks */ = {
			isa = PBXFrameworksBuildPhase;
			buildActionMask = 2147483647;
			files = (
				B19CE2A32B2A1644093678FB /* Pods_Kitty.framework in Frameworks */,
			);
			runOnlyForDeploymentPostprocessing = 0;
		};
/* End PBXFrameworksBuildPhase section */

/* Begin PBXGroup section */
		7E1798C229F0EE1E0003C20E /* ItemExpenseView */ = {
			isa = PBXGroup;
			children = (
				7E1798C329F0EE5F0003C20E /* ItemExpenseViewController.swift */,
				7E1798C429F0EE5F0003C20E /* ItemExpenseViewController.xib */,
			);
			path = ItemExpenseView;
			sourceTree = "<group>";
		};
		7E99F82829ECE83F00BDDF92 = {
			isa = PBXGroup;
			children = (
				7E99F83329ECE83F00BDDF92 /* Kitty */,
				7E99F83229ECE83F00BDDF92 /* Products */,
				93F38ACEEDA03BEBB3E6F104 /* Pods */,
				F4C9EC26455C80DA0C824ACA /* Frameworks */,
			);
			sourceTree = "<group>";
		};
		7E99F83229ECE83F00BDDF92 /* Products */ = {
			isa = PBXGroup;
			children = (
				7E99F83129ECE83F00BDDF92 /* Kitty.app */,
			);
			name = Products;
			sourceTree = "<group>";
		};
		7E99F83329ECE83F00BDDF92 /* Kitty */ = {
			isa = PBXGroup;
			children = (
				7EFABEC529F6541800C1F9A9 /* Database */,
				7EA34C9D29ED05C4001B51C9 /* Utils */,
				7E99F85329ECEF6100BDDF92 /* Fonts */,
				7E99F84B29ECE8D400BDDF92 /* Shared */,
				7E99F84929ECE8AF00BDDF92 /* Feature */,
				7E99F84829ECE89B00BDDF92 /* Delegate */,
				7E99F83D29ECE84400BDDF92 /* Assets.xcassets */,
				7E99F83F29ECE84400BDDF92 /* LaunchScreen.storyboard */,
				7E99F84229ECE84400BDDF92 /* Info.plist */,
			);
			path = Kitty;
			sourceTree = "<group>";
		};
		7E99F84829ECE89B00BDDF92 /* Delegate */ = {
			isa = PBXGroup;
			children = (
				7E99F83429ECE83F00BDDF92 /* AppDelegate.swift */,
				7E99F83629ECE83F00BDDF92 /* SceneDelegate.swift */,
			);
			path = Delegate;
			sourceTree = "<group>";
		};
		7E99F84929ECE8AF00BDDF92 /* Feature */ = {
			isa = PBXGroup;
			children = (
				7EA34CC729ED2706001B51C9 /* Report */,
				7EA34CAE29ED25A5001B51C9 /* Setting */,
				7EA34CA229ED2081001B51C9 /* Home */,
				7E99F84A29ECE8C700BDDF92 /* Login */,
			);
			path = Feature;
			sourceTree = "<group>";
		};
		7E99F84A29ECE8C700BDDF92 /* Login */ = {
			isa = PBXGroup;
			children = (
				7E99F85029ECEB0300BDDF92 /* View */,
			);
			path = Login;
			sourceTree = "<group>";
		};
		7E99F84B29ECE8D400BDDF92 /* Shared */ = {
			isa = PBXGroup;
			children = (
				7EA34C9B29ECFEF3001B51C9 /* CustomButton.swift */,
				7EA34CCF29ED2D86001B51C9 /* CustomNavigationBar.swift */,
				7EA34CD329ED32C5001B51C9 /* LogoImageView.swift */,
				7E834F5429F269E500F3363E /* CustomTableView.swift */,
			);
			path = Shared;
			sourceTree = "<group>";
		};
		7E99F85029ECEB0300BDDF92 /* View */ = {
			isa = PBXGroup;
			children = (
				7EA34CB029ED25E5001B51C9 /* LoginViewController.swift */,
				7EA34CB129ED25E5001B51C9 /* LoginViewController.xib */,
			);
			path = View;
			sourceTree = "<group>";
		};
		7E99F85329ECEF6100BDDF92 /* Fonts */ = {
			isa = PBXGroup;
			children = (
				7E99F85529ECEF9800BDDF92 /* Inter-Bold.ttf */,
				7E99F85429ECEF9800BDDF92 /* Inter-Medium.ttf */,
				7E99F85629ECEF9800BDDF92 /* Inter-Regular.ttf */,
				7E99F85729ECEF9800BDDF92 /* Inter-SemiBold.ttf */,
			);
			path = Fonts;
			sourceTree = "<group>";
		};
		7E9A744F29EE51CC0002051C /* SubView */ = {
			isa = PBXGroup;
			children = (
				7E1798C229F0EE1E0003C20E /* ItemExpenseView */,
				7E9A745329EE6DBB0002051C /* HistoryTableView */,
				7E9A745229EE6DAD0002051C /* ItemMonthlyReportView */,
			);
			path = SubView;
			sourceTree = "<group>";
		};
		7E9A745229EE6DAD0002051C /* ItemMonthlyReportView */ = {
			isa = PBXGroup;
			children = (
				7E9A745029EE51F00002051C /* ItemMonthlyReportView.swift */,
			);
			path = ItemMonthlyReportView;
			sourceTree = "<group>";
		};
		7E9A745329EE6DBB0002051C /* HistoryTableView */ = {
			isa = PBXGroup;
			children = (
				7E9B4A8929EF8E1200A58CA2 /* HistoryTableViewCell */,
				7E9A745A29EE705C0002051C /* HistoryTableView.swift */,
			);
			path = HistoryTableView;
			sourceTree = "<group>";
		};
		7E9B4A8929EF8E1200A58CA2 /* HistoryTableViewCell */ = {
			isa = PBXGroup;
			children = (
				7EDFC5CA29EF966700C8AE30 /* HistoryTableViewCell.swift */,
				7EDFC5CB29EF966700C8AE30 /* HistoryTableViewCell.xib */,
			);
			path = HistoryTableViewCell;
			sourceTree = "<group>";
		};
		7EA34C9D29ED05C4001B51C9 /* Utils */ = {
			isa = PBXGroup;
			children = (
				7EA34C9E29ED1604001B51C9 /* AssetUtils.swift */,
				7EA34CA029ED1868001B51C9 /* StringUtils.swift */,
				7ECC579929EE3B1C00C09F30 /* Extension.swift */,
				7E1798C729F0F7FA0003C20E /* FunctionUtils.swift */,
			);
			path = Utils;
			sourceTree = "<group>";
		};
		7EA34CA229ED2081001B51C9 /* Home */ = {
			isa = PBXGroup;
			children = (
				7E9A744F29EE51CC0002051C /* SubView */,
				7EA34CBE29ED26DA001B51C9 /* View */,
				7EA34CBD29ED26D6001B51C9 /* Model */,
				7EA34CBC29ED26D2001B51C9 /* ViewModel */,
			);
			path = Home;
			sourceTree = "<group>";
		};
		7EA34CA329ED2087001B51C9 /* View */ = {
			isa = PBXGroup;
			children = (
				7EA34CC329ED2703001B51C9 /* SettingViewController.swift */,
				7EA34CC429ED2703001B51C9 /* SettingViewController.xib */,
			);
			path = View;
			sourceTree = "<group>";
		};
		7EA34CA429ED208B001B51C9 /* Model */ = {
			isa = PBXGroup;
			children = (
			);
			path = Model;
			sourceTree = "<group>";
		};
		7EA34CA529ED2091001B51C9 /* ViewModel */ = {
			isa = PBXGroup;
			children = (
			);
			path = ViewModel;
			sourceTree = "<group>";
		};
		7EA34CAE29ED25A5001B51C9 /* Setting */ = {
			isa = PBXGroup;
			children = (
				7EA34CA529ED2091001B51C9 /* ViewModel */,
				7EA34CA429ED208B001B51C9 /* Model */,
				7EA34CA329ED2087001B51C9 /* View */,
			);
			path = Setting;
			sourceTree = "<group>";
		};
		7EA34CBC29ED26D2001B51C9 /* ViewModel */ = {
			isa = PBXGroup;
			children = (
				7E9A745C29EE7A010002051C /* HomeViewModel.swift */,
			);
			path = ViewModel;
			sourceTree = "<group>";
		};
		7EA34CBD29ED26D6001B51C9 /* Model */ = {
			isa = PBXGroup;
			children = (
				7E9A745829EE6E2A0002051C /* Money.swift */,
			);
			path = Model;
			sourceTree = "<group>";
		};
		7EA34CBE29ED26DA001B51C9 /* View */ = {
			isa = PBXGroup;
			children = (
				7EA34CBF29ED26F5001B51C9 /* HomeViewController.swift */,
				7EA34CC029ED26F5001B51C9 /* HomeViewController.xib */,
			);
			path = View;
			sourceTree = "<group>";
		};
		7EA34CC729ED2706001B51C9 /* Report */ = {
			isa = PBXGroup;
			children = (
				7EA34CC829ED270D001B51C9 /* View */,
			);
			path = Report;
			sourceTree = "<group>";
		};
		7EA34CC829ED270D001B51C9 /* View */ = {
			isa = PBXGroup;
			children = (
				7EA34CC929ED271A001B51C9 /* ReportViewController.swift */,
				7EA34CCA29ED271A001B51C9 /* ReportViewController.xib */,
			);
			path = View;
			sourceTree = "<group>";
		};
		7EFABEC529F6541800C1F9A9 /* Database */ = {
			isa = PBXGroup;
			children = (
				7EFABEC629F6542900C1F9A9 /* Database.swift */,
			);
			path = Database;
			sourceTree = "<group>";
		};
		93F38ACEEDA03BEBB3E6F104 /* Pods */ = {
			isa = PBXGroup;
			children = (
				0DF36A7BB4BC78F14417D052 /* Pods-Kitty.debug.xcconfig */,
				4112B9695CB0386679A95D7F /* Pods-Kitty.release.xcconfig */,
			);
			path = Pods;
			sourceTree = "<group>";
		};
		F4C9EC26455C80DA0C824ACA /* Frameworks */ = {
			isa = PBXGroup;
			children = (
				2CE04161BD20CEAB213E3388 /* Pods_Kitty.framework */,
			);
			name = Frameworks;
			sourceTree = "<group>";
		};
/* End PBXGroup section */

/* Begin PBXNativeTarget section */
		7E99F83029ECE83F00BDDF92 /* Kitty */ = {
			isa = PBXNativeTarget;
			buildConfigurationList = 7E99F84529ECE84400BDDF92 /* Build configuration list for PBXNativeTarget "Kitty" */;
			buildPhases = (
				FE1BDC4BF7E4C2B015D8BD16 /* [CP] Check Pods Manifest.lock */,
				7E99F82D29ECE83F00BDDF92 /* Sources */,
				7E99F82E29ECE83F00BDDF92 /* Frameworks */,
				7E99F82F29ECE83F00BDDF92 /* Resources */,
				C44D670B840C6F36EA599724 /* [CP] Embed Pods Frameworks */,
			);
			buildRules = (
			);
			dependencies = (
			);
			name = Kitty;
			productName = Kitty;
			productReference = 7E99F83129ECE83F00BDDF92 /* Kitty.app */;
			productType = "com.apple.product-type.application";
		};
/* End PBXNativeTarget section */

/* Begin PBXProject section */
		7E99F82929ECE83F00BDDF92 /* Project object */ = {
			isa = PBXProject;
			attributes = {
				BuildIndependentTargetsInParallel = 1;
				LastSwiftUpdateCheck = 1330;
				LastUpgradeCheck = 1330;
				TargetAttributes = {
					7E99F83029ECE83F00BDDF92 = {
						CreatedOnToolsVersion = 13.3.1;
					};
				};
			};
			buildConfigurationList = 7E99F82C29ECE83F00BDDF92 /* Build configuration list for PBXProject "Kitty" */;
			compatibilityVersion = "Xcode 13.0";
			developmentRegion = en;
			hasScannedForEncodings = 0;
			knownRegions = (
				en,
				Base,
			);
			mainGroup = 7E99F82829ECE83F00BDDF92;
			productRefGroup = 7E99F83229ECE83F00BDDF92 /* Products */;
			projectDirPath = "";
			projectRoot = "";
			targets = (
				7E99F83029ECE83F00BDDF92 /* Kitty */,
			);
		};
/* End PBXProject section */

/* Begin PBXResourcesBuildPhase section */
		7E99F82F29ECE83F00BDDF92 /* Resources */ = {
			isa = PBXResourcesBuildPhase;
			buildActionMask = 2147483647;
			files = (
				7EA34CCC29ED271A001B51C9 /* ReportViewController.xib in Resources */,
				7EA34CB329ED25E5001B51C9 /* LoginViewController.xib in Resources */,
				7EDFC5CD29EF966700C8AE30 /* HistoryTableViewCell.xib in Resources */,
				7EA34CC629ED2703001B51C9 /* SettingViewController.xib in Resources */,
				7E99F84129ECE84400BDDF92 /* LaunchScreen.storyboard in Resources */,
				7E99F83E29ECE84400BDDF92 /* Assets.xcassets in Resources */,
				7E99F85829ECEFA700BDDF92 /* Inter-Bold.ttf in Resources */,
				7E1798C629F0EE5F0003C20E /* ItemExpenseViewController.xib in Resources */,
				7E99F85929ECEFA900BDDF92 /* Inter-Medium.ttf in Resources */,
				7E99F85A29ECEFAB00BDDF92 /* Inter-Regular.ttf in Resources */,
				7E99F85B29ECEFB000BDDF92 /* Inter-SemiBold.ttf in Resources */,
				7EA34CC229ED26F5001B51C9 /* HomeViewController.xib in Resources */,
			);
			runOnlyForDeploymentPostprocessing = 0;
		};
/* End PBXResourcesBuildPhase section */

/* Begin PBXShellScriptBuildPhase section */
		C44D670B840C6F36EA599724 /* [CP] Embed Pods Frameworks */ = {
			isa = PBXShellScriptBuildPhase;
			buildActionMask = 2147483647;
			files = (
			);
			inputFileListPaths = (
				"${PODS_ROOT}/Target Support Files/Pods-Kitty/Pods-Kitty-frameworks-${CONFIGURATION}-input-files.xcfilelist",
			);
			name = "[CP] Embed Pods Frameworks";
			outputFileListPaths = (
				"${PODS_ROOT}/Target Support Files/Pods-Kitty/Pods-Kitty-frameworks-${CONFIGURATION}-output-files.xcfilelist",
			);
			runOnlyForDeploymentPostprocessing = 0;
			shellPath = /bin/sh;
			shellScript = "\"${PODS_ROOT}/Target Support Files/Pods-Kitty/Pods-Kitty-frameworks.sh\"\n";
			showEnvVarsInLog = 0;
		};
		FE1BDC4BF7E4C2B015D8BD16 /* [CP] Check Pods Manifest.lock */ = {
			isa = PBXShellScriptBuildPhase;
			buildActionMask = 2147483647;
			files = (
			);
			inputFileListPaths = (
			);
			inputPaths = (
				"${PODS_PODFILE_DIR_PATH}/Podfile.lock",
				"${PODS_ROOT}/Manifest.lock",
			);
			name = "[CP] Check Pods Manifest.lock";
			outputFileListPaths = (
			);
			outputPaths = (
				"$(DERIVED_FILE_DIR)/Pods-Kitty-checkManifestLockResult.txt",
			);
			runOnlyForDeploymentPostprocessing = 0;
			shellPath = /bin/sh;
			shellScript = "diff \"${PODS_PODFILE_DIR_PATH}/Podfile.lock\" \"${PODS_ROOT}/Manifest.lock\" > /dev/null\nif [ $? != 0 ] ; then\n    # print error to STDERR\n    echo \"error: The sandbox is not in sync with the Podfile.lock. Run 'pod install' or update your CocoaPods installation.\" >&2\n    exit 1\nfi\n# This output is used by Xcode 'outputs' to avoid re-running this script phase.\necho \"SUCCESS\" > \"${SCRIPT_OUTPUT_FILE_0}\"\n";
			showEnvVarsInLog = 0;
		};
/* End PBXShellScriptBuildPhase section */

/* Begin PBXSourcesBuildPhase section */
		7E99F82D29ECE83F00BDDF92 /* Sources */ = {
			isa = PBXSourcesBuildPhase;
			buildActionMask = 2147483647;
			files = (
				7EA34CB229ED25E5001B51C9 /* LoginViewController.swift in Sources */,
				7EA34CA129ED1868001B51C9 /* StringUtils.swift in Sources */,
				7EA34C9F29ED1604001B51C9 /* AssetUtils.swift in Sources */,
				7E1798C829F0F7FA0003C20E /* FunctionUtils.swift in Sources */,
				7ECC579A29EE3B1C00C09F30 /* Extension.swift in Sources */,
				7EA34CC529ED2703001B51C9 /* SettingViewController.swift in Sources */,
				7E9A745D29EE7A010002051C /* HomeViewModel.swift in Sources */,
				7E9A745929EE6E2A0002051C /* Money.swift in Sources */,
				7EA34CD429ED32C5001B51C9 /* LogoImageView.swift in Sources */,
				7EA34CD029ED2D86001B51C9 /* CustomNavigationBar.swift in Sources */,
				7E834F5529F269E500F3363E /* CustomTableView.swift in Sources */,
				7E1798C529F0EE5F0003C20E /* ItemExpenseViewController.swift in Sources */,
				7EFABEC729F6542900C1F9A9 /* Database.swift in Sources */,
				7E9A745B29EE705C0002051C /* HistoryTableView.swift in Sources */,
				7EA34C9C29ECFEF4001B51C9 /* CustomButton.swift in Sources */,
				7EA34CCB29ED271A001B51C9 /* ReportViewController.swift in Sources */,
				7E9A745129EE51F00002051C /* ItemMonthlyReportView.swift in Sources */,
				7EDFC5CC29EF966700C8AE30 /* HistoryTableViewCell.swift in Sources */,
				7E99F83529ECE83F00BDDF92 /* AppDelegate.swift in Sources */,
				7EA34CC129ED26F5001B51C9 /* HomeViewController.swift in Sources */,
				7E99F83729ECE83F00BDDF92 /* SceneDelegate.swift in Sources */,
			);
			runOnlyForDeploymentPostprocessing = 0;
		};
/* End PBXSourcesBuildPhase section */

/* Begin PBXVariantGroup section */
		7E99F83F29ECE84400BDDF92 /* LaunchScreen.storyboard */ = {
			isa = PBXVariantGroup;
			children = (
				7E99F84029ECE84400BDDF92 /* Base */,
			);
			name = LaunchScreen.storyboard;
			sourceTree = "<group>";
		};
/* End PBXVariantGroup section */

/* Begin XCBuildConfiguration section */
		7E99F84329ECE84400BDDF92 /* Debug */ = {
			isa = XCBuildConfiguration;
			buildSettings = {
				ALWAYS_SEARCH_USER_PATHS = NO;
				CLANG_ANALYZER_NONNULL = YES;
				CLANG_ANALYZER_NUMBER_OBJECT_CONVERSION = YES_AGGRESSIVE;
				CLANG_CXX_LANGUAGE_STANDARD = "gnu++17";
				CLANG_ENABLE_MODULES = YES;
				CLANG_ENABLE_OBJC_ARC = YES;
				CLANG_ENABLE_OBJC_WEAK = YES;
				CLANG_WARN_BLOCK_CAPTURE_AUTORELEASING = YES;
				CLANG_WARN_BOOL_CONVERSION = YES;
				CLANG_WARN_COMMA = YES;
				CLANG_WARN_CONSTANT_CONVERSION = YES;
				CLANG_WARN_DEPRECATED_OBJC_IMPLEMENTATIONS = YES;
				CLANG_WARN_DIRECT_OBJC_ISA_USAGE = YES_ERROR;
				CLANG_WARN_DOCUMENTATION_COMMENTS = YES;
				CLANG_WARN_EMPTY_BODY = YES;
				CLANG_WARN_ENUM_CONVERSION = YES;
				CLANG_WARN_INFINITE_RECURSION = YES;
				CLANG_WARN_INT_CONVERSION = YES;
				CLANG_WARN_NON_LITERAL_NULL_CONVERSION = YES;
				CLANG_WARN_OBJC_IMPLICIT_RETAIN_SELF = YES;
				CLANG_WARN_OBJC_LITERAL_CONVERSION = YES;
				CLANG_WARN_OBJC_ROOT_CLASS = YES_ERROR;
				CLANG_WARN_QUOTED_INCLUDE_IN_FRAMEWORK_HEADER = YES;
				CLANG_WARN_RANGE_LOOP_ANALYSIS = YES;
				CLANG_WARN_STRICT_PROTOTYPES = YES;
				CLANG_WARN_SUSPICIOUS_MOVE = YES;
				CLANG_WARN_UNGUARDED_AVAILABILITY = YES_AGGRESSIVE;
				CLANG_WARN_UNREACHABLE_CODE = YES;
				CLANG_WARN__DUPLICATE_METHOD_MATCH = YES;
				COPY_PHASE_STRIP = NO;
				DEBUG_INFORMATION_FORMAT = dwarf;
				ENABLE_STRICT_OBJC_MSGSEND = YES;
				ENABLE_TESTABILITY = YES;
				GCC_C_LANGUAGE_STANDARD = gnu11;
				GCC_DYNAMIC_NO_PIC = NO;
				GCC_NO_COMMON_BLOCKS = YES;
				GCC_OPTIMIZATION_LEVEL = 0;
				GCC_PREPROCESSOR_DEFINITIONS = (
					"DEBUG=1",
					"$(inherited)",
				);
				GCC_WARN_64_TO_32_BIT_CONVERSION = YES;
				GCC_WARN_ABOUT_RETURN_TYPE = YES_ERROR;
				GCC_WARN_UNDECLARED_SELECTOR = YES;
				GCC_WARN_UNINITIALIZED_AUTOS = YES_AGGRESSIVE;
				GCC_WARN_UNUSED_FUNCTION = YES;
				GCC_WARN_UNUSED_VARIABLE = YES;
				IPHONEOS_DEPLOYMENT_TARGET = 15.4;
				MTL_ENABLE_DEBUG_INFO = INCLUDE_SOURCE;
				MTL_FAST_MATH = YES;
				ONLY_ACTIVE_ARCH = YES;
				SDKROOT = iphoneos;
				SWIFT_ACTIVE_COMPILATION_CONDITIONS = DEBUG;
				SWIFT_OPTIMIZATION_LEVEL = "-Onone";
			};
			name = Debug;
		};
		7E99F84429ECE84400BDDF92 /* Release */ = {
			isa = XCBuildConfiguration;
			buildSettings = {
				ALWAYS_SEARCH_USER_PATHS = NO;
				CLANG_ANALYZER_NONNULL = YES;
				CLANG_ANALYZER_NUMBER_OBJECT_CONVERSION = YES_AGGRESSIVE;
				CLANG_CXX_LANGUAGE_STANDARD = "gnu++17";
				CLANG_ENABLE_MODULES = YES;
				CLANG_ENABLE_OBJC_ARC = YES;
				CLANG_ENABLE_OBJC_WEAK = YES;
				CLANG_WARN_BLOCK_CAPTURE_AUTORELEASING = YES;
				CLANG_WARN_BOOL_CONVERSION = YES;
				CLANG_WARN_COMMA = YES;
				CLANG_WARN_CONSTANT_CONVERSION = YES;
				CLANG_WARN_DEPRECATED_OBJC_IMPLEMENTATIONS = YES;
				CLANG_WARN_DIRECT_OBJC_ISA_USAGE = YES_ERROR;
				CLANG_WARN_DOCUMENTATION_COMMENTS = YES;
				CLANG_WARN_EMPTY_BODY = YES;
				CLANG_WARN_ENUM_CONVERSION = YES;
				CLANG_WARN_INFINITE_RECURSION = YES;
				CLANG_WARN_INT_CONVERSION = YES;
				CLANG_WARN_NON_LITERAL_NULL_CONVERSION = YES;
				CLANG_WARN_OBJC_IMPLICIT_RETAIN_SELF = YES;
				CLANG_WARN_OBJC_LITERAL_CONVERSION = YES;
				CLANG_WARN_OBJC_ROOT_CLASS = YES_ERROR;
				CLANG_WARN_QUOTED_INCLUDE_IN_FRAMEWORK_HEADER = YES;
				CLANG_WARN_RANGE_LOOP_ANALYSIS = YES;
				CLANG_WARN_STRICT_PROTOTYPES = YES;
				CLANG_WARN_SUSPICIOUS_MOVE = YES;
				CLANG_WARN_UNGUARDED_AVAILABILITY = YES_AGGRESSIVE;
				CLANG_WARN_UNREACHABLE_CODE = YES;
				CLANG_WARN__DUPLICATE_METHOD_MATCH = YES;
				COPY_PHASE_STRIP = NO;
				DEBUG_INFORMATION_FORMAT = "dwarf-with-dsym";
				ENABLE_NS_ASSERTIONS = NO;
				ENABLE_STRICT_OBJC_MSGSEND = YES;
				GCC_C_LANGUAGE_STANDARD = gnu11;
				GCC_NO_COMMON_BLOCKS = YES;
				GCC_WARN_64_TO_32_BIT_CONVERSION = YES;
				GCC_WARN_ABOUT_RETURN_TYPE = YES_ERROR;
				GCC_WARN_UNDECLARED_SELECTOR = YES;
				GCC_WARN_UNINITIALIZED_AUTOS = YES_AGGRESSIVE;
				GCC_WARN_UNUSED_FUNCTION = YES;
				GCC_WARN_UNUSED_VARIABLE = YES;
				IPHONEOS_DEPLOYMENT_TARGET = 15.4;
				MTL_ENABLE_DEBUG_INFO = NO;
				MTL_FAST_MATH = YES;
				SDKROOT = iphoneos;
				SWIFT_COMPILATION_MODE = wholemodule;
				SWIFT_OPTIMIZATION_LEVEL = "-O";
				VALIDATE_PRODUCT = YES;
			};
			name = Release;
		};
		7E99F84629ECE84400BDDF92 /* Debug */ = {
			isa = XCBuildConfiguration;
			baseConfigurationReference = 0DF36A7BB4BC78F14417D052 /* Pods-Kitty.debug.xcconfig */;
			buildSettings = {
				ASSETCATALOG_COMPILER_APPICON_NAME = AppIcon;
				ASSETCATALOG_COMPILER_GLOBAL_ACCENT_COLOR_NAME = AccentColor;
				CODE_SIGN_STYLE = Automatic;
				CURRENT_PROJECT_VERSION = 1;
				DEVELOPMENT_TEAM = G63DVY8F89;
				GENERATE_INFOPLIST_FILE = YES;
				INFOPLIST_FILE = Kitty/Info.plist;
				INFOPLIST_KEY_UIApplicationSupportsIndirectInputEvents = YES;
				INFOPLIST_KEY_UILaunchStoryboardName = LaunchScreen;
				INFOPLIST_KEY_UISupportedInterfaceOrientations_iPad = "UIInterfaceOrientationPortrait UIInterfaceOrientationPortraitUpsideDown UIInterfaceOrientationLandscapeLeft UIInterfaceOrientationLandscapeRight";
				INFOPLIST_KEY_UISupportedInterfaceOrientations_iPhone = "UIInterfaceOrientationPortrait UIInterfaceOrientationLandscapeLeft UIInterfaceOrientationLandscapeRight";
				LD_RUNPATH_SEARCH_PATHS = (
					"$(inherited)",
					"@executable_path/Frameworks",
				);
				MARKETING_VERSION = 1.0;
				PRODUCT_BUNDLE_IDENTIFIER = com.bivshin.s3corp.Kitty;
				PRODUCT_NAME = "$(TARGET_NAME)";
				SWIFT_EMIT_LOC_STRINGS = YES;
				SWIFT_VERSION = 5.0;
				TARGETED_DEVICE_FAMILY = "1,2";
			};
			name = Debug;
		};
		7E99F84729ECE84400BDDF92 /* Release */ = {
			isa = XCBuildConfiguration;
			baseConfigurationReference = 4112B9695CB0386679A95D7F /* Pods-Kitty.release.xcconfig */;
			buildSettings = {
				ASSETCATALOG_COMPILER_APPICON_NAME = AppIcon;
				ASSETCATALOG_COMPILER_GLOBAL_ACCENT_COLOR_NAME = AccentColor;
				CODE_SIGN_STYLE = Automatic;
				CURRENT_PROJECT_VERSION = 1;
				DEVELOPMENT_TEAM = G63DVY8F89;
				GENERATE_INFOPLIST_FILE = YES;
				INFOPLIST_FILE = Kitty/Info.plist;
				INFOPLIST_KEY_UIApplicationSupportsIndirectInputEvents = YES;
				INFOPLIST_KEY_UILaunchStoryboardName = LaunchScreen;
				INFOPLIST_KEY_UISupportedInterfaceOrientations_iPad = "UIInterfaceOrientationPortrait UIInterfaceOrientationPortraitUpsideDown UIInterfaceOrientationLandscapeLeft UIInterfaceOrientationLandscapeRight";
				INFOPLIST_KEY_UISupportedInterfaceOrientations_iPhone = "UIInterfaceOrientationPortrait UIInterfaceOrientationLandscapeLeft UIInterfaceOrientationLandscapeRight";
				LD_RUNPATH_SEARCH_PATHS = (
					"$(inherited)",
					"@executable_path/Frameworks",
				);
				MARKETING_VERSION = 1.0;
				PRODUCT_BUNDLE_IDENTIFIER = com.bivshin.s3corp.Kitty;
				PRODUCT_NAME = "$(TARGET_NAME)";
				SWIFT_EMIT_LOC_STRINGS = YES;
				SWIFT_VERSION = 5.0;
				TARGETED_DEVICE_FAMILY = "1,2";
			};
			name = Release;
		};
/* End XCBuildConfiguration section */

/* Begin XCConfigurationList section */
		7E99F82C29ECE83F00BDDF92 /* Build configuration list for PBXProject "Kitty" */ = {
			isa = XCConfigurationList;
			buildConfigurations = (
				7E99F84329ECE84400BDDF92 /* Debug */,
				7E99F84429ECE84400BDDF92 /* Release */,
			);
			defaultConfigurationIsVisible = 0;
			defaultConfigurationName = Release;
		};
		7E99F84529ECE84400BDDF92 /* Build configuration list for PBXNativeTarget "Kitty" */ = {
			isa = XCConfigurationList;
			buildConfigurations = (
				7E99F84629ECE84400BDDF92 /* Debug */,
				7E99F84729ECE84400BDDF92 /* Release */,
			);
			defaultConfigurationIsVisible = 0;
			defaultConfigurationName = Release;
		};
/* End XCConfigurationList section */
	};
	rootObject = 7E99F82929ECE83F00BDDF92 /* Project object */;
}
